
Microsoft Visual Studio Solution File, Format Version 12.00
# Visual Studio Version 18
VisualStudioVersion = 18.3.11218.70
MinimumVisualStudioVersion = 10.0.40219.1
Project("{FAE04EC0-301F-11D3-BF4B-00C04F79EFBC}") = "ManagedMain", "ManagedMain\ManagedMain.csproj", "{AFF6EF86-6BDB-485C-9A4D-098AD1ACBC55}"
EndProject
Project("{FAE04EC0-301F-11D3-BF4B-00C04F79EFBC}") = "HD2ModManager", "HD2ModManager\HD2ModManager.csproj", "{4EC850EF-3268-4414-827D-82540F67A4B5}"
EndProject
Project("{FAE04EC0-301F-11D3-BF4B-00C04F79EFBC}") = "HD2ModCore", "HD2ModCore\HD2ModCore.csproj", "{8CFA42FF-176F-C1A6-3DD1-AE1A65CFE8CA}"
EndProject
Project("{FAE04EC0-301F-11D3-BF4B-00C04F79EFBC}") = "HD2ModCore.Tests", "HD2ModCore.Tests\HD2ModCore.Tests.csproj", "{87A2572C-05ED-44E0-9C17-5EA64269CFDB}"
EndProject
Project("{FAE04EC0-301F-11D3-BF4B-00C04F79EFBC}") = "HD2ModAdaptation", "HD2ModAdaptation\HD2ModAdaptation.csproj", "{4D04CB5B-8191-4862-BDB6-EE8D20F4BFB5}"
EndProject
Project("{FAE04EC0-301F-11D3-BF4B-00C04F79EFBC}") = "HD2ModAdaptation.Tests", "HD2ModAdaptation.Tests\HD2ModAdaptation.Tests.csproj", "{CBC449B7-DCA8-4F89-BC5D-2494F2D092DF}"
EndProject
Project("{2150E333-8FDC-42A3-9474-1A3956D46DE8}") = "_diagnostics", "_diagnostics", "{EB6EC0AB-FCF8-FEAA-B24D-0B24342EF864}"
EndProject
Project("{FAE04EC0-301F-11D3-BF4B-00C04F79EFBC}") = "AdaptationSmoke", "_diagnostics\AdaptationSmoke\AdaptationSmoke.csproj", "{A39BAF4C-6AE2-480B-8F66-752A8A9EB3D3}"
EndProject
Project("{FAE04EC0-301F-11D3-BF4B-00C04F79EFBC}") = "PelvisUnitDiff", "_diagnostics\PelvisUnitDiff\PelvisUnitDiff.csproj", "{484302F7-F4EF-45DA-8F71-B8FFF05E848D}"
EndProject
Project("{FAE04EC0-301F-11D3-BF4B-00C04F79EFBC}") = "CorePatchRebuild", "_diagnostics\CorePatchRebuild\CorePatchRebuild.csproj", "{4D27F6E1-B828-467E-BB2B-FC0AA1FA461E}"
EndProject
Global
	GlobalSection(SolutionConfigurationPlatforms) = preSolution
		Debug|Any CPU = Debug|Any CPU
		Debug|x64 = Debug|x64
		Debug|x86 = Debug|x86
		Release|Any CPU = Release|Any CPU
		Release|x64 = Release|x64
		Release|x86 = Release|x86
	EndGlobalSection
	GlobalSection(ProjectConfigurationPlatforms) = postSolution
		{AFF6EF86-6BDB-485C-9A4D-098AD1ACBC55}.Debug|Any CPU.ActiveCfg = Debug|Any CPU
		{AFF6EF86-6BDB-485C-9A4D-098AD1ACBC55}.Debug|Any CPU.Build.0 = Debug|Any CPU
		{AFF6EF86-6BDB-485C-9A4D-098AD1ACBC55}.Debug|x64.ActiveCfg = Debug|Any CPU
		{AFF6EF86-6BDB-485C-9A4D-098AD1ACBC55}.Debug|x64.Build.0 = Debug|Any CPU
		{AFF6EF86-6BDB-485C-9A4D-098AD1ACBC55}.Debug|x86.ActiveCfg = Debug|Any CPU
		{AFF6EF86-6BDB-485C-9A4D-098AD1ACBC55}.Debug|x86.Build.0 = Debug|Any CPU
		{AFF6EF86-6BDB-485C-9A4D-098AD1ACBC55}.Release|Any CPU.ActiveCfg = Release|Any CPU
		{AFF6EF86-6BDB-485C-9A4D-098AD1ACBC55}.Release|Any CPU.Build.0 = Release|Any CPU
		{AFF6EF86-6BDB-485C-9A4D-098AD1ACBC55}.Release|x64.ActiveCfg = Release|Any CPU
		{AFF6EF86-6BDB-485C-9A4D-098AD1ACBC55}.Release|x64.Build.0 = Release|Any CPU
		{AFF6EF86-6BDB-485C-9A4D-098AD1ACBC55}.Release|x86.ActiveCfg = Release|Any CPU
		{AFF6EF86-6BDB-485C-9A4D-098AD1ACBC55}.Release|x86.Build.0 = Release|Any CPU
		{4EC850EF-3268-4414-827D-82540F67A4B5}.Debug|Any CPU.ActiveCfg = Debug|Any CPU
		{4EC850EF-3268-4414-827D-82540F67A4B5}.Debug|Any CPU.Build.0 = Debug|Any CPU
		{4EC850EF-3268-4414-827D-82540F67A4B5}.Debug|x64.ActiveCfg = Debug|Any CPU
		{4EC850EF-3268-4414-827D-82540F67A4B5}.Debug|x64.Build.0 = Debug|Any CPU
		{4EC850EF-3268-4414-827D-82540F67A4B5}.Debug|x86.ActiveCfg = Debug|Any CPU
		{4EC850EF-3268-4414-827D-82540F67A4B5}.Debug|x86.Build.0 = Debug|Any CPU
		{4EC850EF-3268-4414-827D-82540F67A4B5}.Release|Any CPU.ActiveCfg = Release|Any CPU
		{4EC850EF-3268-4414-827D-82540F67A4B5}.Release|Any CPU.Build.0 = Release|Any CPU
		{4EC850EF-3268-4414-827D-82540F67A4B5}.Release|x64.ActiveCfg = Release|Any CPU
		{4EC850EF-3268-4414-827D-82540F67A4B5}.Release|x64.Build.0 = Release|Any CPU
		{4EC850EF-3268-4414-827D-82540F67A4B5}.Release|x86.ActiveCfg = Release|Any CPU
		{4EC850EF-3268-4414-827D-82540F67A4B5}.Release|x86.Build.0 = Release|Any CPU
		{8CFA42FF-176F-C1A6-3DD1-AE1A65CFE8CA}.Debug|Any CPU.ActiveCfg = Debug|Any CPU
		{8CFA42FF-176F-C1A6-3DD1-AE1A65CFE8CA}.Debug|Any CPU.Build.0 = Debug|Any CPU
		{8CFA42FF-176F-C1A6-3DD1-AE1A65CFE8CA}.Debug|x64.ActiveCfg = Debug|Any CPU
		{8CFA42FF-176F-C1A6-3DD1-AE1A65CFE8CA}.Debug|x64.Build.0 = Debug|Any CPU
		{8CFA42FF-176F-C1A6-3DD1-AE1A65CFE8CA}.Debug|x86.ActiveCfg = Debug|Any CPU
		{8CFA42FF-176F-C1A6-3DD1-AE1A65CFE8CA}.Debug|x86.Build.0 = Debug|Any CPU
		{8CFA42FF-176F-C1A6-3DD1-AE1A65CFE8CA}.Release|Any CPU.ActiveCfg = Release|Any CPU
		{8CFA42FF-176F-C1A6-3DD1-AE1A65CFE8CA}.Release|Any CPU.Build.0 = Release|Any CPU
		{8CFA42FF-176F-C1A6-3DD1-AE1A65CFE8CA}.Release|x64.ActiveCfg = Release|Any CPU
		{8CFA42FF-176F-C1A6-3DD1-AE1A65CFE8CA}.Release|x64.Build.0 = Release|Any CPU
		{8CFA42FF-176F-C1A6-3DD1-AE1A65CFE8CA}.Release|x86.ActiveCfg = Release|Any CPU
		{8CFA42FF-176F-C1A6-3DD1-AE1A65CFE8CA}.Release|x86.Build.0 = Release|Any CPU
		{87A2572C-05ED-44E0-9C17-5EA64269CFDB}.Debug|Any CPU.ActiveCfg = Debug|Any CPU
		{87A2572C-05ED-44E0-9C17-5EA64269CFDB}.Debug|Any CPU.Build.0 = Debug|Any CPU
		{87A2572C-05ED-44E0-9C17-5EA64269CFDB}.Debug|x64.ActiveCfg = Debug|Any CPU
		{87A2572C-05ED-44E0-9C17-5EA64269CFDB}.Debug|x64.Build.0 = Debug|Any CPU
		{87A2572C-05ED-44E0-9C17-5EA64269CFDB}.Debug|x86.ActiveCfg = Debug|Any CPU
		{87A2572C-05ED-44E0-9C17-5EA64269CFDB}.Debug|x86.Build.0 = Debug|Any CPU
		{87A2572C-05ED-44E0-9C17-5EA64269CFDB}.Release|Any CPU.ActiveCfg = Release|Any CPU
		{87A2572C-05ED-44E0-9C17-5EA64269CFDB}.Release|Any CPU.Build.0 = Release|Any CPU
		{87A2572C-05ED-44E0-9C17-5EA64269CFDB}.Release|x64.ActiveCfg = Release|Any CPU
		{87A2572C-05ED-44E0-9C17-5EA64269CFDB}.Release|x64.Build.0 = Release|Any CPU
		{87A2572C-05ED-44E0-9C17-5EA64269CFDB}.Release|x86.ActiveCfg = Release|Any CPU
		{87A2572C-05ED-44E0-9C17-5EA64269CFDB}.Release|x86.Build.0 = Release|Any CPU
		{4D04CB5B-8191-4862-BDB6-EE8D20F4BFB5}.Debug|Any CPU.ActiveCfg = Debug|Any CPU
		{4D04CB5B-8191-4862-BDB6-EE8D20F4BFB5}.Debug|Any CPU.Build.0 = Debug|Any CPU
		{4D04CB5B-8191-4862-BDB6-EE8D20F4BFB5}.Debug|x64.ActiveCfg = Debug|Any CPU
		{4D04CB5B-8191-4862-BDB6-EE8D20F4BFB5}.Debug|x64.Build.0 = Debug|Any CPU
		{4D04CB5B-8191-4862-BDB6-EE8D20F4BFB5}.Debug|x86.ActiveCfg = Debug|Any CPU
		{4D04CB5B-8191-4862-BDB6-EE8D20F4BFB5}.Debug|x86.Build.0 = Debug|Any CPU
		{4D04CB5B-8191-4862-BDB6-EE8D20F4BFB5}.Release|Any CPU.ActiveCfg = Release|Any CPU
		{4D04CB5B-8191-4862-BDB6-EE8D20F4BFB5}.Release|Any CPU.Build.0 = Release|Any CPU
		{4D04CB5B-8191-4862-BDB6-EE8D20F4BFB5}.Release|x64.ActiveCfg = Release|Any CPU
		{4D04CB5B-8191-4862-BDB6-EE8D20F4BFB5}.Release|x64.Build.0 = Release|Any CPU
		{4D04CB5B-8191-4862-BDB6-EE8D20F4BFB5}.Release|x86.ActiveCfg = Release|Any CPU
		{4D04CB5B-8191-4862-BDB6-EE8D20F4BFB5}.Release|x86.Build.0 = Release|Any CPU
		{CBC449B7-DCA8-4F89-BC5D-2494F2D092DF}.Debug|Any CPU.ActiveCfg = Debug|Any CPU
		{CBC449B7-DCA8-4F89-BC5D-2494F2D092DF}.Debug|Any CPU.Build.0 = Debug|Any CPU
		{CBC449B7-DCA8-4F89-BC5D-2494F2D092DF}.Debug|x64.ActiveCfg = Debug|Any CPU
		{CBC449B7-DCA8-4F89-BC5D-2494F2D092DF}.Debug|x64.Build.0 = Debug|Any CPU
		{CBC449B7-DCA8-4F89-BC5D-2494F2D092DF}.Debug|x86.ActiveCfg = Debug|Any CPU
		{CBC449B7-DCA8-4F89-BC5D-2494F2D092DF}.Debug|x86.Build.0 = Debug|Any CPU
		{CBC449B7-DCA8-4F89-BC5D-2494F2D092DF}.Release|Any CPU.ActiveCfg = Release|Any CPU
		{CBC449B7-DCA8-4F89-BC5D-2494F2D092DF}.Release|Any CPU.Build.0 = Release|Any CPU
		{CBC449B7-DCA8-4F89-BC5D-2494F2D092DF}.Release|x64.ActiveCfg = Release|Any CPU
		{CBC449B7-DCA8-4F89-BC5D-2494F2D092DF}.Release|x64.Build.0 = Release|Any CPU
		{CBC449B7-DCA8-4F89-BC5D-2494F2D092DF}.Release|x86.ActiveCfg = Release|Any CPU
		{CBC449B7-DCA8-4F89-BC5D-2494F2D092DF}.Release|x86.Build.0 = Release|Any CPU
		{A39BAF4C-6AE2-480B-8F66-752A8A9EB3D3}.Debug|Any CPU.ActiveCfg = Debug|Any CPU
		{A39BAF4C-6AE2-480B-8F66-752A8A9EB3D3}.Debug|Any CPU.Build.0 = Debug|Any CPU
		{A39BAF4C-6AE2-480B-8F66-752A8A9EB3D3}.Debug|x64.ActiveCfg = Debug|Any CPU
		{A39BAF4C-6AE2-480B-8F66-752A8A9EB3D3}.Debug|x64.Build.0 = Debug|Any CPU
		{A39BAF4C-6AE2-480B-8F66-752A8A9EB3D3}.Debug|x86.ActiveCfg = Debug|Any CPU
		{A39BAF4C-6AE2-480B-8F66-752A8A9EB3D3}.Debug|x86.Build.0 = Debug|Any CPU
		{A39BAF4C-6AE2-480B-8F66-752A8A9EB3D3}.Release|Any CPU.ActiveCfg = Release|Any CPU
		{A39BAF4C-6AE2-480B-8F66-752A8A9EB3D3}.Release|Any CPU.Build.0 = Release|Any CPU
		{A39BAF4C-6AE2-480B-8F66-752A8A9EB3D3}.Release|x64.ActiveCfg = Release|Any CPU
		{A39BAF4C-6AE2-480B-8F66-752A8A9EB3D3}.Release|x64.Build.0 = Release|Any CPU
		{A39BAF4C-6AE2-480B-8F66-752A8A9EB3D3}.Release|x86.ActiveCfg = Release|Any CPU
		{A39BAF4C-6AE2-480B-8F66-752A8A9EB3D3}.Release|x86.Build.0 = Release|Any CPU
		{484302F7-F4EF-45DA-8F71-B8FFF05E848D}.Debug|Any CPU.ActiveCfg = Debug|Any CPU
		{484302F7-F4EF-45DA-8F71-B8FFF05E848D}.Debug|Any CPU.Build.0 = Debug|Any CPU
		{484302F7-F4EF-45DA-8F71-B8FFF05E848D}.Debug|x64.ActiveCfg = Debug|Any CPU
		{484302F7-F4EF-45DA-8F71-B8FFF05E848D}.Debug|x64.Build.0 = Debug|Any CPU
		{484302F7-F4EF-45DA-8F71-B8FFF05E848D}.Debug|x86.ActiveCfg = Debug|Any CPU
		{484302F7-F4EF-45DA-8F71-B8FFF05E848D}.Debug|x86.Build.0 = Debug|Any CPU
		{484302F7-F4EF-45DA-8F71-B8FFF05E848D}.Release|Any CPU.ActiveCfg = Release|Any CPU
		{484302F7-F4EF-45DA-8F71-B8FFF05E848D}.Release|Any CPU.Build.0 = Release|Any CPU
		{484302F7-F4EF-45DA-8F71-B8FFF05E848D}.Release|x64.ActiveCfg = Release|Any CPU
		{484302F7-F4EF-45DA-8F71-B8FFF05E848D}.Release|x64.Build.0 = Release|Any CPU
		{484302F7-F4EF-45DA-8F71-B8FFF05E848D}.Release|x86.ActiveCfg = Release|Any CPU
		{484302F7-F4EF-45DA-8F71-B8FFF05E848D}.Release|x86.Build.0 = Release|Any CPU
		{4D27F6E1-B828-467E-BB2B-FC0AA1FA461E}.Debug|Any CPU.ActiveCfg = Debug|Any CPU
		{4D27F6E1-B828-467E-BB2B-FC0AA1FA461E}.Debug|Any CPU.Build.0 = Debug|Any CPU
		{4D27F6E1-B828-467E-BB2B-FC0AA1FA461E}.Debug|x64.ActiveCfg = Debug|Any CPU
		{4D27F6E1-B828-467E-BB2B-FC0AA1FA461E}.Debug|x64.Build.0 = Debug|Any CPU
		{4D27F6E1-B828-467E-BB2B-FC0AA1FA461E}.Debug|x86.ActiveCfg = Debug|Any CPU
		{4D27F6E1-B828-467E-BB2B-FC0AA1FA461E}.Debug|x86.Build.0 = Debug|Any CPU
		{4D27F6E1-B828-467E-BB2B-FC0AA1FA461E}.Release|Any CPU.ActiveCfg = Release|Any CPU
		{4D27F6E1-B828-467E-BB2B-FC0AA1FA461E}.Release|Any CPU.Build.0 = Release|Any CPU
		{4D27F6E1-B828-467E-BB2B-FC0AA1FA461E}.Release|x64.ActiveCfg = Release|Any CPU
		{4D27F6E1-B828-467E-BB2B-FC0AA1FA461E}.Release|x64.Build.0 = Release|Any CPU
		{4D27F6E1-B828-467E-BB2B-FC0AA1FA461E}.Release|x86.ActiveCfg = Release|Any CPU
		{4D27F6E1-B828-467E-BB2B-FC0AA1FA461E}.Release|x86.Build.0 = Release|Any CPU
	EndGlobalSection
	GlobalSection(SolutionProperties) = preSolution
		HideSolutionNode = FALSE
	EndGlobalSection
	GlobalSection(NestedProjects) = preSolution
		{A39BAF4C-6AE2-480B-8F66-752A8A9EB3D3} = {EB6EC0AB-FCF8-FEAA-B24D-0B24342EF864}
		{484302F7-F4EF-45DA-8F71-B8FFF05E848D} = {EB6EC0AB-FCF8-FEAA-B24D-0B24342EF864}
		{4D27F6E1-B828-467E-BB2B-FC0AA1FA461E} = {EB6EC0AB-FCF8-FEAA-B24D-0B24342EF864}
	EndGlobalSection
	GlobalSection(ExtensibilityGlobals) = postSolution
		SolutionGuid = {8C670C55-B186-46A1-A42F-250763E09C18}
	EndGlobalSection
EndGlobal
