
Microsoft Visual Studio Solution File, Format Version 12.00
# Visual Studio Version 18
VisualStudioVersion = 18.3.11218.70
MinimumVisualStudioVersion = 10.0.40219.1
Project("{FAE04EC0-301F-11D3-BF4B-00C04F79EFBC}") = "ManagedMain", "ManagedMain\ManagedMain.csproj", "{AFF6EF86-6BDB-485C-9A4D-098AD1ACBC55}"
EndProject
Project("{FAE04EC0-301F-11D3-BF4B-00C04F79EFBC}") = "HD2ModManager", "HD2ModManager\HD2ModManager.csproj", "{4EC850EF-3268-4414-827D-82540F67A4B5}"
EndProject
Project("{FAE04EC0-301F-11D3-BF4B-00C04F79EFBC}") = "HD2ModCore", "HD2ModCore\HD2ModCore.csproj", "{8CFA42FF-176F-C1A6-3DD1-AE1A65CFE8CA}"
EndProject
Project("{FAE04EC0-301F-11D3-BF4B-00C04F79EFBC}") = "HD2ModCore.Tests", "HD2ModCore.Tests\HD2ModCore.Tests.csproj", "{87A2572C-05ED-44E0-9C17-5EA64269CFDB}"
EndProject
Project("{2150E333-8FDC-42A3-9474-1A3956D46DE8}") = "_diagnostics", "_diagnostics", "{EB6EC0AB-FCF8-FEAA-B24D-0B24342EF864}"
EndProject
Project("{FAE04EC0-301F-11D3-BF4B-00C04F79EFBC}") = "AdaptationSmoke", "_diagnostics\AdaptationSmoke\AdaptationSmoke.csproj", "{DCFFC97D-767D-4476-B67A-859E613094ED}"
EndProject
Global
	GlobalSection(SolutionConfigurationPlatforms) = preSolution
		Debug|Any CPU = Debug|Any CPU
		Debug|x64 = Debug|x64
		Debug|x86 = Debug|x86
		Release|Any CPU = Release|Any CPU
		Release|x64 = Release|x64
		Release|x86 = Release|x86
	EndGlobalSection
	GlobalSection(ProjectConfigurationPlatforms) = postSolution
		{AFF6EF86-6BDB-485C-9A4D-098AD1ACBC55}.Debug|Any CPU.ActiveCfg = Debug|Any CPU
		{AFF6EF86-6BDB-485C-9A4D-098AD1ACBC55}.Debug|Any CPU.Build.0 = Debug|Any CPU
		{AFF6EF86-6BDB-485C-9A4D-098AD1ACBC55}.Debug|x64.ActiveCfg = Debug|Any CPU
		{AFF6EF86-6BDB-485C-9A4D-098AD1ACBC55}.Debug|x64.Build.0 = Debug|Any CPU
		{AFF6EF86-6BDB-485C-9A4D-098AD1ACBC55}.Debug|x86.ActiveCfg = Debug|Any CPU
		{AFF6EF86-6BDB-485C-9A4D-098AD1ACBC55}.Debug|x86.Build.0 = Debug|Any CPU
		{AFF6EF86-6BDB-485C-9A4D-098AD1ACBC55}.Release|Any CPU.ActiveCfg = Release|Any CPU
		{AFF6EF86-6BDB-485C-9A4D-098AD1ACBC55}.Release|Any CPU.Build.0 = Release|Any CPU
		{AFF6EF86-6BDB-485C-9A4D-098AD1ACBC55}.Release|x64.ActiveCfg = Release|Any CPU
		{AFF6EF86-6BDB-485C-9A4D-098AD1ACBC55}.Release|x64.Build.0 = Release|Any CPU
		{AFF6EF86-6BDB-485C-9A4D-098AD1ACBC55}.Release|x86.ActiveCfg = Release|Any CPU
		{AFF6EF86-6BDB-485C-9A4D-098AD1ACBC55}.Release|x86.Build.0 = Release|Any CPU
		{4EC850EF-3268-4414-827D-82540F67A4B5}.Debug|Any CPU.ActiveCfg = Debug|Any CPU
		{4EC850EF-3268-4414-827D-82540F67A4B5}.Debug|Any CPU.Build.0 = Debug|Any CPU
		{4EC850EF-3268-4414-827D-82540F67A4B5}.Debug|x64.ActiveCfg = Debug|Any CPU
		{4EC850EF-3268-4414-827D-82540F67A4B5}.Debug|x64.Build.0 = Debug|Any CPU
		{4EC850EF-3268-4414-827D-82540F67A4B5}.Debug|x86.ActiveCfg = Debug|Any CPU
		{4EC850EF-3268-4414-827D-82540F67A4B5}.Debug|x86.Build.0 = Debug|Any CPU
		{4EC850EF-3268-4414-827D-82540F67A4B5}.Release|Any CPU.ActiveCfg = Release|Any CPU
		{4EC850EF-3268-4414-827D-82540F67A4B5}.Release|Any CPU.Build.0 = Release|Any CPU
		{4EC850EF-3268-4414-827D-82540F67A4B5}.Release|x64.ActiveCfg = Release|Any CPU
		{4EC850EF-3268-4414-827D-82540F67A4B5}.Release|x64.Build.0 = Release|Any CPU
		{4EC850EF-3268-4414-827D-82540F67A4B5}.Release|x86.ActiveCfg = Release|Any CPU
		{4EC850EF-3268-4414-827D-82540F67A4B5}.Release|x86.Build.0 = Release|Any CPU
		{8CFA42FF-176F-C1A6-3DD1-AE1A65CFE8CA}.Debug|Any CPU.ActiveCfg = Debug|Any CPU
		{8CFA42FF-176F-C1A6-3DD1-AE1A65CFE8CA}.Debug|Any CPU.Build.0 = Debug|Any CPU
		{8CFA42FF-176F-C1A6-3DD1-AE1A65CFE8CA}.Debug|x64.ActiveCfg = Debug|Any CPU
		{8CFA42FF-176F-C1A6-3DD1-AE1A65CFE8CA}.Debug|x64.Build.0 = Debug|Any CPU
		{8CFA42FF-176F-C1A6-3DD1-AE1A65CFE8CA}.Debug|x86.ActiveCfg = Debug|Any CPU
		{8CFA42FF-176F-C1A6-3DD1-AE1A65CFE8CA}.Debug|x86.Build.0 = Debug|Any CPU
		{8CFA42FF-176F-C1A6-3DD1-AE1A65CFE8CA}.Release|Any CPU.ActiveCfg = Release|Any CPU
		{8CFA42FF-176F-C1A6-3DD1-AE1A65CFE8CA}.Release|Any CPU.Build.0 = Release|Any CPU
		{8CFA42FF-176F-C1A6-3DD1-AE1A65CFE8CA}.Release|x64.ActiveCfg = Release|Any CPU
		{8CFA42FF-176F-C1A6-3DD1-AE1A65CFE8CA}.Release|x64.Build.0 = Release|Any CPU
		{8CFA42FF-176F-C1A6-3DD1-AE1A65CFE8CA}.Release|x86.ActiveCfg = Release|Any CPU
		{8CFA42FF-176F-C1A6-3DD1-AE1A65CFE8CA}.Release|x86.Build.0 = Release|Any CPU
		{87A2572C-05ED-44E0-9C17-5EA64269CFDB}.Debug|Any CPU.ActiveCfg = Debug|Any CPU
		{87A2572C-05ED-44E0-9C17-5EA64269CFDB}.Debug|Any CPU.Build.0 = Debug|Any CPU
		{87A2572C-05ED-44E0-9C17-5EA64269CFDB}.Debug|x64.ActiveCfg = Debug|Any CPU
		{87A2572C-05ED-44E0-9C17-5EA64269CFDB}.Debug|x64.Build.0 = Debug|Any CPU
		{87A2572C-05ED-44E0-9C17-5EA64269CFDB}.Debug|x86.ActiveCfg = Debug|Any CPU
		{87A2572C-05ED-44E0-9C17-5EA64269CFDB}.Debug|x86.Build.0 = Debug|Any CPU
		{87A2572C-05ED-44E0-9C17-5EA64269CFDB}.Release|Any CPU.ActiveCfg = Release|Any CPU
		{87A2572C-05ED-44E0-9C17-5EA64269CFDB}.Release|Any CPU.Build.0 = Release|Any CPU
		{87A2572C-05ED-44E0-9C17-5EA64269CFDB}.Release|x64.ActiveCfg = Release|Any CPU
		{87A2572C-05ED-44E0-9C17-5EA64269CFDB}.Release|x64.Build.0 = Release|Any CPU
		{87A2572C-05ED-44E0-9C17-5EA64269CFDB}.Release|x86.ActiveCfg = Release|Any CPU
		{87A2572C-05ED-44E0-9C17-5EA64269CFDB}.Release|x86.Build.0 = Release|Any CPU
		{DCFFC97D-767D-4476-B67A-859E613094ED}.Debug|Any CPU.ActiveCfg = Debug|Any CPU
		{DCFFC97D-767D-4476-B67A-859E613094ED}.Debug|Any CPU.Build.0 = Debug|Any CPU
		{DCFFC97D-767D-4476-B67A-859E613094ED}.Debug|x64.ActiveCfg = Debug|Any CPU
		{DCFFC97D-767D-4476-B67A-859E613094ED}.Debug|x64.Build.0 = Debug|Any CPU
		{DCFFC97D-767D-4476-B67A-859E613094ED}.Debug|x86.ActiveCfg = Debug|Any CPU
		{DCFFC97D-767D-4476-B67A-859E613094ED}.Debug|x86.Build.0 = Debug|Any CPU
		{DCFFC97D-767D-4476-B67A-859E613094ED}.Release|Any CPU.ActiveCfg = Release|Any CPU
		{DCFFC97D-767D-4476-B67A-859E613094ED}.Release|Any CPU.Build.0 = Release|Any CPU
		{DCFFC97D-767D-4476-B67A-859E613094ED}.Release|x64.ActiveCfg = Release|Any CPU
		{DCFFC97D-767D-4476-B67A-859E613094ED}.Release|x64.Build.0 = Release|Any CPU
		{DCFFC97D-767D-4476-B67A-859E613094ED}.Release|x86.ActiveCfg = Release|Any CPU
		{DCFFC97D-767D-4476-B67A-859E613094ED}.Release|x86.Build.0 = Release|Any CPU
	EndGlobalSection
	GlobalSection(SolutionProperties) = preSolution
		HideSolutionNode = FALSE
	EndGlobalSection
	GlobalSection(NestedProjects) = preSolution
		{DCFFC97D-767D-4476-B67A-859E613094ED} = {EB6EC0AB-FCF8-FEAA-B24D-0B24342EF864}
	EndGlobalSection
	GlobalSection(ExtensibilityGlobals) = postSolution
		SolutionGuid = {8C670C55-B186-46A1-A42F-250763E09C18}
	EndGlobalSection
EndGlobal
