
Microsoft Visual Studio Solution File, Format Version 12.00
# Visual Studio Version 18
VisualStudioVersion = 18.3.11218.70
MinimumVisualStudioVersion = 10.0.40219.1
Project("{FAE04EC0-301F-11D3-BF4B-00C04F79EFBC}") = "ManagedMain", "ManagedMain\ManagedMain.csproj", "{AFF6EF86-6BDB-485C-9A4D-098AD1ACBC55}"
EndProject
Project("{FAE04EC0-301F-11D3-BF4B-00C04F79EFBC}") = "HD2ModManager", "HD2ModManager\HD2ModManager.csproj", "{4EC850EF-3268-4414-827D-82540F67A4B5}"
EndProject
Project("{FAE04EC0-301F-11D3-BF4B-00C04F79EFBC}") = "HD2ModCore", "HD2ModCore\HD2ModCore.csproj", "{8CFA42FF-176F-C1A6-3DD1-AE1A65CFE8CA}"
EndProject
Project("{FAE04EC0-301F-11D3-BF4B-00C04F79EFBC}") = "HD2ModCore.Tests", "HD2ModCore.Tests\HD2ModCore.Tests.csproj", "{87A2572C-05ED-44E0-9C17-5EA64269CFDB}"
EndProject
Project("{FAE04EC0-301F-11D3-BF4B-00C04F79EFBC}") = "HD2ModAdaptation", "HD2ModAdaptation\HD2ModAdaptation.csproj", "{4D04CB5B-8191-4862-BDB6-EE8D20F4BFB5}"
EndProject
Project("{FAE04EC0-301F-11D3-BF4B-00C04F79EFBC}") = "HD2ModAdaptation.Tests", "HD2ModAdaptation.Tests\HD2ModAdaptation.Tests.csproj", "{CBC449B7-DCA8-4F89-BC5D-2494F2D092DF}"
EndProject
Project("{2150E333-8FDC-42A3-9474-1A3956D46DE8}") = "_diagnostics", "_diagnostics", "{EB6EC0AB-FCF8-FEAA-B24D-0B24342EF864}"
EndProject
Project("{FAE04EC0-301F-11D3-BF4B-00C04F79EFBC}") = "FinalOutputTest", "_diagnostics\FinalOutputTest\FinalOutputTest.csproj", "{59C53060-81B1-45E9-9AE7-50CB3213D32E}"
EndProject
Project("{FAE04EC0-301F-11D3-BF4B-00C04F79EFBC}") = "AdaptiveSdkTest", "_diagnostics\AdaptiveSdkTest\AdaptiveSdkTest.csproj", "{F57CE87F-565D-4BF2-9174-9CF02B03217C}"
EndProject
Project("{FAE04EC0-301F-11D3-BF4B-00C04F79EFBC}") = "MaterialPackagingSmoke", "_diagnostics\MaterialPackagingSmoke\MaterialPackagingSmoke.csproj", "{607B6ED9-72C9-449C-9B9A-A4C68608A0D6}"
EndProject
Project("{FAE04EC0-301F-11D3-BF4B-00C04F79EFBC}") = "UnitSemanticProbe", "_diagnostics\UnitSemanticProbe\UnitSemanticProbe.csproj", "{561B6484-EC89-4383-9D39-16656E0C7363}"
EndProject
Global
	GlobalSection(SolutionConfigurationPlatforms) = preSolution
		Debug|Any CPU = Debug|Any CPU
		Debug|x64 = Debug|x64
		Debug|x86 = Debug|x86
		Release|Any CPU = Release|Any CPU
		Release|x64 = Release|x64
		Release|x86 = Release|x86
	EndGlobalSection
	GlobalSection(ProjectConfigurationPlatforms) = postSolution
		{AFF6EF86-6BDB-485C-9A4D-098AD1ACBC55}.Debug|Any CPU.ActiveCfg = Debug|Any CPU
		{AFF6EF86-6BDB-485C-9A4D-098AD1ACBC55}.Debug|Any CPU.Build.0 = Debug|Any CPU
		{AFF6EF86-6BDB-485C-9A4D-098AD1ACBC55}.Debug|x64.ActiveCfg = Debug|Any CPU
		{AFF6EF86-6BDB-485C-9A4D-098AD1ACBC55}.Debug|x64.Build.0 = Debug|Any CPU
		{AFF6EF86-6BDB-485C-9A4D-098AD1ACBC55}.Debug|x86.ActiveCfg = Debug|Any CPU
		{AFF6EF86-6BDB-485C-9A4D-098AD1ACBC55}.Debug|x86.Build.0 = Debug|Any CPU
		{AFF6EF86-6BDB-485C-9A4D-098AD1ACBC55}.Release|Any CPU.ActiveCfg = Release|Any CPU
		{AFF6EF86-6BDB-485C-9A4D-098AD1ACBC55}.Release|Any CPU.Build.0 = Release|Any CPU
		{AFF6EF86-6BDB-485C-9A4D-098AD1ACBC55}.Release|x64.ActiveCfg = Release|Any CPU
		{AFF6EF86-6BDB-485C-9A4D-098AD1ACBC55}.Release|x64.Build.0 = Release|Any CPU
		{AFF6EF86-6BDB-485C-9A4D-098AD1ACBC55}.Release|x86.ActiveCfg = Release|Any CPU
		{AFF6EF86-6BDB-485C-9A4D-098AD1ACBC55}.Release|x86.Build.0 = Release|Any CPU
		{4EC850EF-3268-4414-827D-82540F67A4B5}.Debug|Any CPU.ActiveCfg = Debug|Any CPU
		{4EC850EF-3268-4414-827D-82540F67A4B5}.Debug|Any CPU.Build.0 = Debug|Any CPU
		{4EC850EF-3268-4414-827D-82540F67A4B5}.Debug|x64.ActiveCfg = Debug|Any CPU
		{4EC850EF-3268-4414-827D-82540F67A4B5}.Debug|x64.Build.0 = Debug|Any CPU
		{4EC850EF-3268-4414-827D-82540F67A4B5}.Debug|x86.ActiveCfg = Debug|Any CPU
		{4EC850EF-3268-4414-827D-82540F67A4B5}.Debug|x86.Build.0 = Debug|Any CPU
		{4EC850EF-3268-4414-827D-82540F67A4B5}.Release|Any CPU.ActiveCfg = Release|Any CPU
		{4EC850EF-3268-4414-827D-82540F67A4B5}.Release|Any CPU.Build.0 = Release|Any CPU
		{4EC850EF-3268-4414-827D-82540F67A4B5}.Release|x64.ActiveCfg = Release|Any CPU
		{4EC850EF-3268-4414-827D-82540F67A4B5}.Release|x64.Build.0 = Release|Any CPU
		{4EC850EF-3268-4414-827D-82540F67A4B5}.Release|x86.ActiveCfg = Release|Any CPU
		{4EC850EF-3268-4414-827D-82540F67A4B5}.Release|x86.Build.0 = Release|Any CPU
		{8CFA42FF-176F-C1A6-3DD1-AE1A65CFE8CA}.Debug|Any CPU.ActiveCfg = Debug|Any CPU
		{8CFA42FF-176F-C1A6-3DD1-AE1A65CFE8CA}.Debug|Any CPU.Build.0 = Debug|Any CPU
		{8CFA42FF-176F-C1A6-3DD1-AE1A65CFE8CA}.Debug|x64.ActiveCfg = Debug|Any CPU
		{8CFA42FF-176F-C1A6-3DD1-AE1A65CFE8CA}.Debug|x64.Build.0 = Debug|Any CPU
		{8CFA42FF-176F-C1A6-3DD1-AE1A65CFE8CA}.Debug|x86.ActiveCfg = Debug|Any CPU
		{8CFA42FF-176F-C1A6-3DD1-AE1A65CFE8CA}.Debug|x86.Build.0 = Debug|Any CPU
		{8CFA42FF-176F-C1A6-3DD1-AE1A65CFE8CA}.Release|Any CPU.ActiveCfg = Release|Any CPU
		{8CFA42FF-176F-C1A6-3DD1-AE1A65CFE8CA}.Release|Any CPU.Build.0 = Release|Any CPU
		{8CFA42FF-176F-C1A6-3DD1-AE1A65CFE8CA}.Release|x64.ActiveCfg = Release|Any CPU
		{8CFA42FF-176F-C1A6-3DD1-AE1A65CFE8CA}.Release|x64.Build.0 = Release|Any CPU
		{8CFA42FF-176F-C1A6-3DD1-AE1A65CFE8CA}.Release|x86.ActiveCfg = Release|Any CPU
		{8CFA42FF-176F-C1A6-3DD1-AE1A65CFE8CA}.Release|x86.Build.0 = Release|Any CPU
		{87A2572C-05ED-44E0-9C17-5EA64269CFDB}.Debug|Any CPU.ActiveCfg = Debug|Any CPU
		{87A2572C-05ED-44E0-9C17-5EA64269CFDB}.Debug|Any CPU.Build.0 = Debug|Any CPU
		{87A2572C-05ED-44E0-9C17-5EA64269CFDB}.Debug|x64.ActiveCfg = Debug|Any CPU
		{87A2572C-05ED-44E0-9C17-5EA64269CFDB}.Debug|x64.Build.0 = Debug|Any CPU
		{87A2572C-05ED-44E0-9C17-5EA64269CFDB}.Debug|x86.ActiveCfg = Debug|Any CPU
		{87A2572C-05ED-44E0-9C17-5EA64269CFDB}.Debug|x86.Build.0 = Debug|Any CPU
		{87A2572C-05ED-44E0-9C17-5EA64269CFDB}.Release|Any CPU.ActiveCfg = Release|Any CPU
		{87A2572C-05ED-44E0-9C17-5EA64269CFDB}.Release|Any CPU.Build.0 = Release|Any CPU
		{87A2572C-05ED-44E0-9C17-5EA64269CFDB}.Release|x64.ActiveCfg = Release|Any CPU
		{87A2572C-05ED-44E0-9C17-5EA64269CFDB}.Release|x64.Build.0 = Release|Any CPU
		{87A2572C-05ED-44E0-9C17-5EA64269CFDB}.Release|x86.ActiveCfg = Release|Any CPU
		{87A2572C-05ED-44E0-9C17-5EA64269CFDB}.Release|x86.Build.0 = Release|Any CPU
		{4D04CB5B-8191-4862-BDB6-EE8D20F4BFB5}.Debug|Any CPU.ActiveCfg = Debug|Any CPU
		{4D04CB5B-8191-4862-BDB6-EE8D20F4BFB5}.Debug|Any CPU.Build.0 = Debug|Any CPU
		{4D04CB5B-8191-4862-BDB6-EE8D20F4BFB5}.Debug|x64.ActiveCfg = Debug|Any CPU
		{4D04CB5B-8191-4862-BDB6-EE8D20F4BFB5}.Debug|x64.Build.0 = Debug|Any CPU
		{4D04CB5B-8191-4862-BDB6-EE8D20F4BFB5}.Debug|x86.ActiveCfg = Debug|Any CPU
		{4D04CB5B-8191-4862-BDB6-EE8D20F4BFB5}.Debug|x86.Build.0 = Debug|Any CPU
		{4D04CB5B-8191-4862-BDB6-EE8D20F4BFB5}.Release|Any CPU.ActiveCfg = Release|Any CPU
		{4D04CB5B-8191-4862-BDB6-EE8D20F4BFB5}.Release|Any CPU.Build.0 = Release|Any CPU
		{4D04CB5B-8191-4862-BDB6-EE8D20F4BFB5}.Release|x64.ActiveCfg = Release|Any CPU
		{4D04CB5B-8191-4862-BDB6-EE8D20F4BFB5}.Release|x64.Build.0 = Release|Any CPU
		{4D04CB5B-8191-4862-BDB6-EE8D20F4BFB5}.Release|x86.ActiveCfg = Release|Any CPU
		{4D04CB5B-8191-4862-BDB6-EE8D20F4BFB5}.Release|x86.Build.0 = Release|Any CPU
		{CBC449B7-DCA8-4F89-BC5D-2494F2D092DF}.Debug|Any CPU.ActiveCfg = Debug|Any CPU
		{CBC449B7-DCA8-4F89-BC5D-2494F2D092DF}.Debug|Any CPU.Build.0 = Debug|Any CPU
		{CBC449B7-DCA8-4F89-BC5D-2494F2D092DF}.Debug|x64.ActiveCfg = Debug|Any CPU
		{CBC449B7-DCA8-4F89-BC5D-2494F2D092DF}.Debug|x64.Build.0 = Debug|Any CPU
		{CBC449B7-DCA8-4F89-BC5D-2494F2D092DF}.Debug|x86.ActiveCfg = Debug|Any CPU
		{CBC449B7-DCA8-4F89-BC5D-2494F2D092DF}.Debug|x86.Build.0 = Debug|Any CPU
		{CBC449B7-DCA8-4F89-BC5D-2494F2D092DF}.Release|Any CPU.ActiveCfg = Release|Any CPU
		{CBC449B7-DCA8-4F89-BC5D-2494F2D092DF}.Release|Any CPU.Build.0 = Release|Any CPU
		{CBC449B7-DCA8-4F89-BC5D-2494F2D092DF}.Release|x64.ActiveCfg = Release|Any CPU
		{CBC449B7-DCA8-4F89-BC5D-2494F2D092DF}.Release|x64.Build.0 = Release|Any CPU
		{CBC449B7-DCA8-4F89-BC5D-2494F2D092DF}.Release|x86.ActiveCfg = Release|Any CPU
		{CBC449B7-DCA8-4F89-BC5D-2494F2D092DF}.Release|x86.Build.0 = Release|Any CPU
		{59C53060-81B1-45E9-9AE7-50CB3213D32E}.Debug|Any CPU.ActiveCfg = Debug|Any CPU
		{59C53060-81B1-45E9-9AE7-50CB3213D32E}.Debug|Any CPU.Build.0 = Debug|Any CPU
		{59C53060-81B1-45E9-9AE7-50CB3213D32E}.Debug|x64.ActiveCfg = Debug|Any CPU
		{59C53060-81B1-45E9-9AE7-50CB3213D32E}.Debug|x64.Build.0 = Debug|Any CPU
		{59C53060-81B1-45E9-9AE7-50CB3213D32E}.Debug|x86.ActiveCfg = Debug|Any CPU
		{59C53060-81B1-45E9-9AE7-50CB3213D32E}.Debug|x86.Build.0 = Debug|Any CPU
		{59C53060-81B1-45E9-9AE7-50CB3213D32E}.Release|Any CPU.ActiveCfg = Release|Any CPU
		{59C53060-81B1-45E9-9AE7-50CB3213D32E}.Release|Any CPU.Build.0 = Release|Any CPU
		{59C53060-81B1-45E9-9AE7-50CB3213D32E}.Release|x64.ActiveCfg = Release|Any CPU
		{59C53060-81B1-45E9-9AE7-50CB3213D32E}.Release|x64.Build.0 = Release|Any CPU
		{59C53060-81B1-45E9-9AE7-50CB3213D32E}.Release|x86.ActiveCfg = Release|Any CPU
		{59C53060-81B1-45E9-9AE7-50CB3213D32E}.Release|x86.Build.0 = Release|Any CPU
		{F57CE87F-565D-4BF2-9174-9CF02B03217C}.Debug|Any CPU.ActiveCfg = Debug|Any CPU
		{F57CE87F-565D-4BF2-9174-9CF02B03217C}.Debug|Any CPU.Build.0 = Debug|Any CPU
		{F57CE87F-565D-4BF2-9174-9CF02B03217C}.Debug|x64.ActiveCfg = Debug|Any CPU
		{F57CE87F-565D-4BF2-9174-9CF02B03217C}.Debug|x64.Build.0 = Debug|Any CPU
		{F57CE87F-565D-4BF2-9174-9CF02B03217C}.Debug|x86.ActiveCfg = Debug|Any CPU
		{F57CE87F-565D-4BF2-9174-9CF02B03217C}.Debug|x86.Build.0 = Debug|Any CPU
		{F57CE87F-565D-4BF2-9174-9CF02B03217C}.Release|Any CPU.ActiveCfg = Release|Any CPU
		{F57CE87F-565D-4BF2-9174-9CF02B03217C}.Release|Any CPU.Build.0 = Release|Any CPU
		{F57CE87F-565D-4BF2-9174-9CF02B03217C}.Release|x64.ActiveCfg = Release|Any CPU
		{F57CE87F-565D-4BF2-9174-9CF02B03217C}.Release|x64.Build.0 = Release|Any CPU
		{F57CE87F-565D-4BF2-9174-9CF02B03217C}.Release|x86.ActiveCfg = Release|Any CPU
		{F57CE87F-565D-4BF2-9174-9CF02B03217C}.Release|x86.Build.0 = Release|Any CPU
		{607B6ED9-72C9-449C-9B9A-A4C68608A0D6}.Debug|Any CPU.ActiveCfg = Debug|Any CPU
		{607B6ED9-72C9-449C-9B9A-A4C68608A0D6}.Debug|Any CPU.Build.0 = Debug|Any CPU
		{607B6ED9-72C9-449C-9B9A-A4C68608A0D6}.Debug|x64.ActiveCfg = Debug|Any CPU
		{607B6ED9-72C9-449C-9B9A-A4C68608A0D6}.Debug|x64.Build.0 = Debug|Any CPU
		{607B6ED9-72C9-449C-9B9A-A4C68608A0D6}.Debug|x86.ActiveCfg = Debug|Any CPU
		{607B6ED9-72C9-449C-9B9A-A4C68608A0D6}.Debug|x86.Build.0 = Debug|Any CPU
		{607B6ED9-72C9-449C-9B9A-A4C68608A0D6}.Release|Any CPU.ActiveCfg = Release|Any CPU
		{607B6ED9-72C9-449C-9B9A-A4C68608A0D6}.Release|Any CPU.Build.0 = Release|Any CPU
		{607B6ED9-72C9-449C-9B9A-A4C68608A0D6}.Release|x64.ActiveCfg = Release|Any CPU
		{607B6ED9-72C9-449C-9B9A-A4C68608A0D6}.Release|x64.Build.0 = Release|Any CPU
		{607B6ED9-72C9-449C-9B9A-A4C68608A0D6}.Release|x86.ActiveCfg = Release|Any CPU
		{607B6ED9-72C9-449C-9B9A-A4C68608A0D6}.Release|x86.Build.0 = Release|Any CPU
		{561B6484-EC89-4383-9D39-16656E0C7363}.Debug|Any CPU.ActiveCfg = Debug|Any CPU
		{561B6484-EC89-4383-9D39-16656E0C7363}.Debug|Any CPU.Build.0 = Debug|Any CPU
		{561B6484-EC89-4383-9D39-16656E0C7363}.Debug|x64.ActiveCfg = Debug|Any CPU
		{561B6484-EC89-4383-9D39-16656E0C7363}.Debug|x64.Build.0 = Debug|Any CPU
		{561B6484-EC89-4383-9D39-16656E0C7363}.Debug|x86.ActiveCfg = Debug|Any CPU
		{561B6484-EC89-4383-9D39-16656E0C7363}.Debug|x86.Build.0 = Debug|Any CPU
		{561B6484-EC89-4383-9D39-16656E0C7363}.Release|Any CPU.ActiveCfg = Release|Any CPU
		{561B6484-EC89-4383-9D39-16656E0C7363}.Release|Any CPU.Build.0 = Release|Any CPU
		{561B6484-EC89-4383-9D39-16656E0C7363}.Release|x64.ActiveCfg = Release|Any CPU
		{561B6484-EC89-4383-9D39-16656E0C7363}.Release|x64.Build.0 = Release|Any CPU
		{561B6484-EC89-4383-9D39-16656E0C7363}.Release|x86.ActiveCfg = Release|Any CPU
		{561B6484-EC89-4383-9D39-16656E0C7363}.Release|x86.Build.0 = Release|Any CPU
	EndGlobalSection
	GlobalSection(SolutionProperties) = preSolution
		HideSolutionNode = FALSE
	EndGlobalSection
	GlobalSection(NestedProjects) = preSolution
		{59C53060-81B1-45E9-9AE7-50CB3213D32E} = {EB6EC0AB-FCF8-FEAA-B24D-0B24342EF864}
		{F57CE87F-565D-4BF2-9174-9CF02B03217C} = {EB6EC0AB-FCF8-FEAA-B24D-0B24342EF864}
		{607B6ED9-72C9-449C-9B9A-A4C68608A0D6} = {EB6EC0AB-FCF8-FEAA-B24D-0B24342EF864}
		{561B6484-EC89-4383-9D39-16656E0C7363} = {EB6EC0AB-FCF8-FEAA-B24D-0B24342EF864}
	EndGlobalSection
	GlobalSection(ExtensibilityGlobals) = postSolution
		SolutionGuid = {8C670C55-B186-46A1-A42F-250763E09C18}
	EndGlobalSection
EndGlobal
